Microsoft Visual Studio Solution File, Format Version 12.00
# Visual Studio Version 17
VisualStudioVersion = 17.5.2.0
MinimumVisualStudioVersion = 10.0.40219.1
Project("{FAE04EC0-301F-11D3-BF4B-00C04F79EFBC}") = "stock-quote", "stock-quote.csproj", "{BF0B0AE3-D80E-F83E-C9A5-C8F6C7F0EBD5}"
EndProject
Global
	GlobalSection(SolutionConfigurationPlatforms) = preSolution
		Debug|Any CPU = Debug|Any CPU
		Release|Any CPU = Release|Any CPU
	EndGlobalSection
	GlobalSection(ProjectConfigurationPlatforms) = postSolution
		{BF0B0AE3-D80E-F83E-C9A5-C8F6C7F0EBD5}.Debug|Any CPU.ActiveCfg = Debug|Any CPU
		{BF0B0AE3-D80E-F83E-C9A5-C8F6C7F0EBD5}.Debug|Any CPU.Build.0 = Debug|Any CPU
		{BF0B0AE3-D80E-F83E-C9A5-C8F6C7F0EBD5}.Release|Any CPU.ActiveCfg = Release|Any CPU
		{BF0B0AE3-D80E-F83E-C9A5-C8F6C7F0EBD5}.Release|Any CPU.Build.0 = Release|Any CPU
	EndGlobalSection
	GlobalSection(SolutionProperties) = preSolution
		HideSolutionNode = FALSE
	EndGlobalSection
	GlobalSection(ExtensibilityGlobals) = postSolution
		SolutionGuid = {7E2FCEFF-CFFA-4C1D-A46E-7F41759ADDBC}
	EndGlobalSection
EndGlobal
